// !$*UTF8*$!
{
	archiveVersion = 1;
	classes = {
	};
	objectVersion = 46;
	objects = {

/* Begin PBXBuildFile section */
		095B63BB1A4C45AA002F5CA8 /* AppDelegate.m in Sources */ = {isa = PBXBuildFile; fileRef = 095B63BA1A4C45AA002F5CA8 /* AppDelegate.m */; };
		095B63BD1A4C45AA002F5CA8 /* main.m in Sources */ = {isa = PBXBuildFile; fileRef = 095B63BC1A4C45AA002F5CA8 /* main.m */; };
		095B63BF1A4C45AA002F5CA8 /* Images.xcassets in Resources */ = {isa = PBXBuildFile; fileRef = 095B63BE1A4C45AA002F5CA8 /* Images.xcassets */; };
		095B63C21A4C45AA002F5CA8 /* MainMenu.xib in Resources */ = {isa = PBXBuildFile; fileRef = 095B63C01A4C45AA002F5CA8 /* MainMenu.xib */; };
		095B63CE1A4C45AA002F5CA8 /* MyDictionaryTests.m in Sources */ = {isa = PBXBuildFile; fileRef = 095B63CD1A4C45AA002F5CA8 /* MyDictionaryTests.m */; };
		095B63D81A4C4B1C002F5CA8 /* WebKit.framework in Frameworks */ = {isa = PBXBuildFile; fileRef = 095B63D71A4C4B1C002F5CA8 /* WebKit.framework */; };
/* End PBXBuildFile section */

/* Begin PBXContainerItemProxy section */
		095B63C81A4C45AA002F5CA8 /* PBXContainerItemProxy */ = {
			isa = PBXContainerItemProxy;
			containerPortal = 095B63AC1A4C45AA002F5CA8 /* Project object */;
			proxyType = 1;
			remoteGlobalIDString = 095B63B31A4C45AA002F5CA8;
			remoteInfo = MyDictionary;
		};
/* End PBXContainerItemProxy section */

/* Begin PBXFileReference section */
		095B63B41A4C45AA002F5CA8 /* MyDictionary.app */ = {isa = PBXFileReference; explicitFileType = wrapper.application; includeInIndex = 0; path = MyDictionary.app; sourceTree = BUILT_PRODUCTS_DIR; };
		095B63B81A4C45AA002F5CA8 /* Info.plist */ = {isa = PBXFileReference; lastKnownFileType = text.plist.xml; path = Info.plist; sourceTree = "<group>"; };
		095B63B91A4C45AA002F5CA8 /* AppDelegate.h */ = {isa = PBXFileReference; lastKnownFileType = sourcecode.c.h; path = AppDelegate.h; sourceTree = "<group>"; };
		095B63BA1A4C45AA002F5CA8 /* AppDelegate.m */ = {isa = PBXFileReference; lastKnownFileType = sourcecode.c.objc; path = AppDelegate.m; sourceTree = "<group>"; };
		095B63BC1A4C45AA002F5CA8 /* main.m */ = {isa = PBXFileReference; lastKnownFileType = sourcecode.c.objc; path = main.m; sourceTree = "<group>"; };
		095B63BE1A4C45AA002F5CA8 /* Images.xcassets */ = {isa = PBXFileReference; lastKnownFileType = folder.assetcatalog; path = Images.xcassets; sourceTree = "<group>"; };
		095B63C11A4C45AA002F5CA8 /* Base */ = {isa = PBXFileReference; lastKnownFileType = file.xib; name = Base; path = Base.lproj/MainMenu.xib; sourceTree = "<group>"; };
		095B63C71A4C45AA002F5CA8 /* MyDictionaryTests.xctest */ = {isa = PBXFileReference; explicitFileType = wrapper.cfbundle; includeInIndex = 0; path = MyDictionaryTests.xctest; sourceTree = BUILT_PRODUCTS_DIR; };
		095B63CC1A4C45AA002F5CA8 /* Info.plist */ = {isa = PBXFileReference; lastKnownFileType = text.plist.xml; path = Info.plist; sourceTree = "<group>"; };
		095B63CD1A4C45AA002F5CA8 /* MyDictionaryTests.m */ = {isa = PBXFileReference; lastKnownFileType = sourcecode.c.objc; path = MyDictionaryTests.m; sourceTree = "<group>"; };
		095B63D71A4C4B1C002F5CA8 /* WebKit.framework */ = {isa = PBXFileReference; lastKnownFileType = wrapper.framework; name = WebKit.framework; path = System/Library/Frameworks/WebKit.framework; sourceTree = SDKROOT; };
/* End PBXFileReference section */

/* Begin PBXFrameworksBuildPhase section */
		095B63B11A4C45AA002F5CA8 /* Frameworks */ = {
			isa = PBXFrameworksBuildPhase;
			buildActionMask = 2147483647;
			files = (
				095B63D81A4C4B1C002F5CA8 /* WebKit.framework in Frameworks */,
			);
			runOnlyForDeploymentPostprocessing = 0;
		};
		095B63C41A4C45AA002F5CA8 /* Frameworks */ = {
			isa = PBXFrameworksBuildPhase;
			buildActionMask = 2147483647;
			files = (
			);
			runOnlyForDeploymentPostprocessing = 0;
		};
/* End PBXFrameworksBuildPhase section */

/* Begin PBXGroup section */
		095B63AB1A4C45AA002F5CA8 = {
			isa = PBXGroup;
			children = (
				095B63D71A4C4B1C002F5CA8 /* WebKit.framework */,
				095B63B61A4C45AA002F5CA8 /* MyDictionary */,
				095B63CA1A4C45AA002F5CA8 /* MyDictionaryTests */,
				095B63B51A4C45AA002F5CA8 /* Products */,
			);
			sourceTree = "<group>";
		};
		095B63B51A4C45AA002F5CA8 /* Products */ = {
			isa = PBXGroup;
			children = (
				095B63B41A4C45AA002F5CA8 /* MyDictionary.app */,
				095B63C71A4C45AA002F5CA8 /* MyDictionaryTests.xctest */,
			);
			name = Products;
			sourceTree = "<group>";
		};
		095B63B61A4C45AA002F5CA8 /* MyDictionary */ = {
			isa = PBXGroup;
			children = (
				095B63B91A4C45AA002F5CA8 /* AppDelegate.h */,
				095B63BA1A4C45AA002F5CA8 /* AppDelegate.m */,
				095B63BE1A4C45AA002F5CA8 /* Images.xcassets */,
				095B63C01A4C45AA002F5CA8 /* MainMenu.xib */,
				095B63B71A4C45AA002F5CA8 /* Supporting Files */,
			);
			path = MyDictionary;
			sourceTree = "<group>";
		};
		095B63B71A4C45AA002F5CA8 /* Supporting Files */ = {
			isa = PBXGroup;
			children = (
				095B63B81A4C45AA002F5CA8 /* Info.plist */,
				095B63BC1A4C45AA002F5CA8 /* main.m */,
			);
			name = "Supporting Files";
			sourceTree = "<group>";
		};
		095B63CA1A4C45AA002F5CA8 /* MyDictionaryTests */ = {
			isa = PBXGroup;
			children = (
				095B63CD1A4C45AA002F5CA8 /* MyDictionaryTests.m */,
				095B63CB1A4C45AA002F5CA8 /* Supporting Files */,
			);
			path = MyDictionaryTests;
			sourceTree = "<group>";
		};
		095B63CB1A4C45AA002F5CA8 /* Supporting Files */ = {
			isa = PBXGroup;
			children = (
				095B63CC1A4C45AA002F5CA8 /* Info.plist */,
			);
			name = "Supporting Files";
			sourceTree = "<group>";
		};
/* End PBXGroup section */

/* Begin PBXNativeTarget section */
		095B63B31A4C45AA002F5CA8 /* MyDictionary */ = {
			isa = PBXNativeTarget;
			buildConfigurationList = 095B63D11A4C45AA002F5CA8 /* Build configuration list for PBXNativeTarget "MyDictionary" */;
			buildPhases = (
				095B63B01A4C45AA002F5CA8 /* Sources */,
				095B63B11A4C45AA002F5CA8 /* Frameworks */,
				095B63B21A4C45AA002F5CA8 /* Resources */,
			);
			buildRules = (
			);
			dependencies = (
			);
			name = MyDictionary;
			productName = MyDictionary;
			productReference = 095B63B41A4C45AA002F5CA8 /* MyDictionary.app */;
			productType = "com.apple.product-type.application";
		};
		095B63C61A4C45AA002F5CA8 /* MyDictionaryTests */ = {
			isa = PBXNativeTarget;
			buildConfigurationList = 095B63D41A4C45AA002F5CA8 /* Build configuration list for PBXNativeTarget "MyDictionaryTests" */;
			buildPhases = (
				095B63C31A4C45AA002F5CA8 /* Sources */,
				095B63C41A4C45AA002F5CA8 /* Frameworks */,
				095B63C51A4C45AA002F5CA8 /* Resources */,
			);
			buildRules = (
			);
			dependencies = (
				095B63C91A4C45AA002F5CA8 /* PBXTargetDependency */,
			);
			name = MyDictionaryTests;
			productName = MyDictionaryTests;
			productReference = 095B63C71A4C45AA002F5CA8 /* MyDictionaryTests.xctest */;
			productType = "com.apple.product-type.bundle.unit-test";
		};
/* End PBXNativeTarget section */

/* Begin PBXProject section */
		095B63AC1A4C45AA002F5CA8 /* Project object */ = {
			isa = PBXProject;
			attributes = {
				LastUpgradeCheck = 0610;
				ORGANIZATIONNAME = MyDictionary;
				TargetAttributes = {
					095B63B31A4C45AA002F5CA8 = {
						CreatedOnToolsVersion = 6.1.1;
					};
					095B63C61A4C45AA002F5CA8 = {
						CreatedOnToolsVersion = 6.1.1;
						TestTargetID = 095B63B31A4C45AA002F5CA8;
					};
				};
			};
			buildConfigurationList = 095B63AF1A4C45AA002F5CA8 /* Build configuration list for PBXProject "MyDictionary" */;
			compatibilityVersion = "Xcode 3.2";
			developmentRegion = English;
			hasScannedForEncodings = 0;
			knownRegions = (
				en,
				Base,
			);
			mainGroup = 095B63AB1A4C45AA002F5CA8;
			productRefGroup = 095B63B51A4C45AA002F5CA8 /* Products */;
			projectDirPath = "";
			projectRoot = "";
			targets = (
				095B63B31A4C45AA002F5CA8 /* MyDictionary */,
				095B63C61A4C45AA002F5CA8 /* MyDictionaryTests */,
			);
		};
/* End PBXProject section */

/* Begin PBXResourcesBuildPhase section */
		095B63B21A4C45AA002F5CA8 /* Resources */ = {
			isa = PBXResourcesBuildPhase;
			buildActionMask = 2147483647;
			files = (
				095B63BF1A4C45AA002F5CA8 /* Images.xcassets in Resources */,
				095B63C21A4C45AA002F5CA8 /* MainMenu.xib in Resources */,
			);
			runOnlyForDeploymentPostprocessing = 0;
		};
		095B63C51A4C45AA002F5CA8 /* Resources */ = {
			isa = PBXResourcesBuildPhase;
			buildActionMask = 2147483647;
			files = (
			);
			runOnlyForDeploymentPostprocessing = 0;
		};
/* End PBXResourcesBuildPhase section */

/* Begin PBXSourcesBuildPhase section */
		095B63B01A4C45AA002F5CA8 /* Sources */ = {
			isa = PBXSourcesBuildPhase;
			buildActionMask = 2147483647;
			files = (
				095B63BD1A4C45AA002F5CA8 /* main.m in Sources */,
				095B63BB1A4C45AA002F5CA8 /* AppDelegate.m in Sources */,
			);
			runOnlyForDeploymentPostprocessing = 0;
		};
		095B63C31A4C45AA002F5CA8 /* Sources */ = {
			isa = PBXSourcesBuildPhase;
			buildActionMask = 2147483647;
			files = (
				095B63CE1A4C45AA002F5CA8 /* MyDictionaryTests.m in Sources */,
			);
			runOnlyForDeploymentPostprocessing = 0;
		};
/* End PBXSourcesBuildPhase section */

/* Begin PBXTargetDependency section */
		095B63C91A4C45AA002F5CA8 /* PBXTargetDependency */ = {
			isa = PBXTargetDependency;
			target = 095B63B31A4C45AA002F5CA8 /* MyDictionary */;
			targetProxy = 095B63C81A4C45AA002F5CA8 /* PBXContainerItemProxy */;
		};
/* End PBXTargetDependency section */

/* Begin PBXVariantGroup section */
		095B63C01A4C45AA002F5CA8 /* MainMenu.xib */ = {
			isa = PBXVariantGroup;
			children = (
				095B63C11A4C45AA002F5CA8 /* Base */,
			);
			name = MainMenu.xib;
			sourceTree = "<group>";
		};
/* End PBXVariantGroup section */

/* Begin XCBuildConfiguration section */
		095B63CF1A4C45AA002F5CA8 /* Debug */ = {
			isa = XCBuildConfiguration;
			buildSettings = {
				ALWAYS_SEARCH_USER_PATHS = NO;
				CLANG_CXX_LANGUAGE_STANDARD = "gnu++0x";
				CLANG_CXX_LIBRARY = "libc++";
				CLANG_ENABLE_MODULES = YES;
				CLANG_ENABLE_OBJC_ARC = YES;
				CLANG_WARN_BOOL_CONVERSION = YES;
				CLANG_WARN_CONSTANT_CONVERSION = YES;
				CLANG_WARN_DIRECT_OBJC_ISA_USAGE = YES_ERROR;
				CLANG_WARN_EMPTY_BODY = YES;
				CLANG_WARN_ENUM_CONVERSION = YES;
				CLANG_WARN_INT_CONVERSION = YES;
				CLANG_WARN_OBJC_ROOT_CLASS = YES_ERROR;
				CLANG_WARN_UNREACHABLE_CODE = YES;
				CLANG_WARN__DUPLICATE_METHOD_MATCH = YES;
				CODE_SIGN_IDENTITY = "-";
				COPY_PHASE_STRIP = NO;
				ENABLE_STRICT_OBJC_MSGSEND = YES;
				GCC_C_LANGUAGE_STANDARD = gnu99;
				GCC_DYNAMIC_NO_PIC = NO;
				GCC_OPTIMIZATION_LEVEL = 0;
				GCC_PREPROCESSOR_DEFINITIONS = (
					"DEBUG=1",
					"$(inherited)",
				);
				GCC_SYMBOLS_PRIVATE_EXTERN = NO;
				GCC_WARN_64_TO_32_BIT_CONVERSION = YES;
				GCC_WARN_ABOUT_RETURN_TYPE = YES_ERROR;
				GCC_WARN_UNDECLARED_SELECTOR = YES;
				GCC_WARN_UNINITIALIZED_AUTOS = YES_AGGRESSIVE;
				GCC_WARN_UNUSED_FUNCTION = YES;
				GCC_WARN_UNUSED_VARIABLE = YES;
				MACOSX_DEPLOYMENT_TARGET = 10.10;
				MTL_ENABLE_DEBUG_INFO = YES;
				ONLY_ACTIVE_ARCH = YES;
				SDKROOT = macosx;
			};
			name = Debug;
		};
		095B63D01A4C45AA002F5CA8 /* Release */ = {
			isa = XCBuildConfiguration;
			buildSettings = {
				ALWAYS_SEARCH_USER_PATHS = NO;
				CLANG_CXX_LANGUAGE_STANDARD = "gnu++0x";
				CLANG_CXX_LIBRARY = "libc++";
				CLANG_ENABLE_MODULES = YES;
				CLANG_ENABLE_OBJC_ARC = YES;
				CLANG_WARN_BOOL_CONVERSION = YES;
				CLANG_WARN_CONSTANT_CONVERSION = YES;
				CLANG_WARN_DIRECT_OBJC_ISA_USAGE = YES_ERROR;
				CLANG_WARN_EMPTY_BODY = YES;
				CLANG_WARN_ENUM_CONVERSION = YES;
				CLANG_WARN_INT_CONVERSION = YES;
				CLANG_WARN_OBJC_ROOT_CLASS = YES_ERROR;
				CLANG_WARN_UNREACHABLE_CODE = YES;
				CLANG_WARN__DUPLICATE_METHOD_MATCH = YES;
				CODE_SIGN_IDENTITY = "-";
				COPY_PHASE_STRIP = YES;
				DEBUG_INFORMATION_FORMAT = "dwarf-with-dsym";
				ENABLE_NS_ASSERTIONS = NO;
				ENABLE_STRICT_OBJC_MSGSEND = YES;
				GCC_C_LANGUAGE_STANDARD = gnu99;
				GCC_WARN_64_TO_32_BIT_CONVERSION = YES;
				GCC_WARN_ABOUT_RETURN_TYPE = YES_ERROR;
				GCC_WARN_UNDECLARED_SELECTOR = YES;
				GCC_WARN_UNINITIALIZED_AUTOS = YES_AGGRESSIVE;
				GCC_WARN_UNUSED_FUNCTION = YES;
				GCC_WARN_UNUSED_VARIABLE = YES;
				MACOSX_DEPLOYMENT_TARGET = 10.10;
				MTL_ENABLE_DEBUG_INFO = NO;
				SDKROOT = macosx;
			};
			name = Release;
		};
		095B63D21A4C45AA002F5CA8 /* Debug */ = {
			isa = XCBuildConfiguration;
			buildSettings = {
				ASSETCATALOG_COMPILER_APPICON_NAME = AppIcon;
				COMBINE_HIDPI_IMAGES = YES;
				INFOPLIST_FILE = MyDictionary/Info.plist;
				LD_RUNPATH_SEARCH_PATHS = "$(inherited) @executable_path/../Frameworks";
				PRODUCT_NAME = "$(TARGET_NAME)";
			};
			name = Debug;
		};
		095B63D31A4C45AA002F5CA8 /* Release */ = {
			isa = XCBuildConfiguration;
			buildSettings = {
				ASSETCATALOG_COMPILER_APPICON_NAME = AppIcon;
				COMBINE_HIDPI_IMAGES = YES;
				INFOPLIST_FILE = MyDictionary/Info.plist;
				LD_RUNPATH_SEARCH_PATHS = "$(inherited) @executable_path/../Frameworks";
				PRODUCT_NAME = "$(TARGET_NAME)";
			};
			name = Release;
		};
		095B63D51A4C45AA002F5CA8 /* Debug */ = {
			isa = XCBuildConfiguration;
			buildSettings = {
				BUNDLE_LOADER = "$(TEST_HOST)";
				COMBINE_HIDPI_IMAGES = YES;
				FRAMEWORK_SEARCH_PATHS = (
					"$(DEVELOPER_FRAMEWORKS_DIR)",
					"$(inherited)",
				);
				GCC_PREPROCESSOR_DEFINITIONS = (
					"DEBUG=1",
					"$(inherited)",
				);
				INFOPLIST_FILE = MyDictionaryTests/Info.plist;
				LD_RUNPATH_SEARCH_PATHS = "$(inherited) @executable_path/../Frameworks @loader_path/../Frameworks";
				PRODUCT_NAME = "$(TARGET_NAME)";
				TEST_HOST = "$(BUILT_PRODUCTS_DIR)/MyDictionary.app/Contents/MacOS/MyDictionary";
			};
			name = Debug;
		};
		095B63D61A4C45AA002F5CA8 /* Release */ = {
			isa = XCBuildConfiguration;
			buildSettings = {
				BUNDLE_LOADER = "$(TEST_HOST)";
				COMBINE_HIDPI_IMAGES = YES;
				FRAMEWORK_SEARCH_PATHS = (
					"$(DEVELOPER_FRAMEWORKS_DIR)",
					"$(inherited)",
				);
				INFOPLIST_FILE = MyDictionaryTests/Info.plist;
				LD_RUNPATH_SEARCH_PATHS = "$(inherited) @executable_path/../Frameworks @loader_path/../Frameworks";
				PRODUCT_NAME = "$(TARGET_NAME)";
				TEST_HOST = "$(BUILT_PRODUCTS_DIR)/MyDictionary.app/Contents/MacOS/MyDictionary";
			};
			name = Release;
		};
/* End XCBuildConfiguration section */

/* Begin XCConfigurationList section */
		095B63AF1A4C45AA002F5CA8 /* Build configuration list for PBXProject "MyDictionary" */ = {
			isa = XCConfigurationList;
			buildConfigurations = (
				095B63CF1A4C45AA002F5CA8 /* Debug */,
				095B63D01A4C45AA002F5CA8 /* Release */,
			);
			defaultConfigurationIsVisible = 0;
			defaultConfigurationName = Release;
		};
		095B63D11A4C45AA002F5CA8 /* Build configuration list for PBXNativeTarget "MyDictionary" */ = {
			isa = XCConfigurationList;
			buildConfigurations = (
				095B63D21A4C45AA002F5CA8 /* Debug */,
				095B63D31A4C45AA002F5CA8 /* Release */,
			);
			defaultConfigurationIsVisible = 0;
			defaultConfigurationName = Release;
		};
		095B63D41A4C45AA002F5CA8 /* Build configuration list for PBXNativeTarget "MyDictionaryTests" */ = {
			isa = XCConfigurationList;
			buildConfigurations = (
				095B63D51A4C45AA002F5CA8 /* Debug */,
				095B63D61A4C45AA002F5CA8 /* Release */,
			);
			defaultConfigurationIsVisible = 0;
			defaultConfigurationName = Release;
		};
/* End XCConfigurationList section */
	};
	rootObject = 095B63AC1A4C45AA002F5CA8 /* Project object */;
}
